# This file is automatically @generated by Cargo.
# It is not intended for manual editing.
version = 4

[[package]]
name = "cancellai-cli"
version = "0.1.0"
dependencies = [
 "cancellai-inventory",
 "cancellai-model",
 "cancellai-platform",
 "cancellai-policy",
 "cancellai-provider-api",
 "cancellai-provider-claude",
 "cancellai-provider-codex",
 "cancellai-safety",
 "cancellai-store",
]

[[package]]
name = "cancellai-guardian"
version = "0.1.0"
dependencies = [
 "cancellai-model",
 "cancellai-policy",
 "cancellai-safety",
 "cancellai-store",
]

[[package]]
name = "cancellai-inventory"
version = "0.1.0"
dependencies = [
 "cancellai-model",
]

[[package]]
name = "cancellai-model"
version = "0.1.0"

[[package]]
name = "cancellai-platform"
version = "0.1.0"
dependencies = [
 "cancellai-model",
]

[[package]]
name = "cancellai-policy"
version = "0.1.0"
dependencies = [
 "cancellai-model",
 "cancellai-safety",
]

[[package]]
name = "cancellai-provider-api"
version = "0.1.0"
dependencies = [
 "cancellai-model",
]

[[package]]
name = "cancellai-provider-claude"
version = "0.1.0"
dependencies = [
 "cancellai-inventory",
 "cancellai-model",
 "cancellai-provider-api",
]

[[package]]
name = "cancellai-provider-codex"
version = "0.1.0"
dependencies = [
 "cancellai-inventory",
 "cancellai-model",
 "cancellai-provider-api",
]

[[package]]
name = "cancellai-safety"
version = "0.1.0"
dependencies = [
 "cancellai-model",
]

[[package]]
name = "cancellai-store"
version = "0.1.0"
dependencies = [
 "cancellai-model",
]

[[package]]
name = "cancellai-tui"
version = "0.1.0"
dependencies = [
 "cancellai-inventory",
 "cancellai-model",
 "cancellai-platform",
 "cancellai-policy",
 "cancellai-provider-api",
 "cancellai-provider-claude",
 "cancellai-provider-codex",
 "cancellai-safety",
 "cancellai-store",
]
